
Microsoft Visual Studio Solution File, Format Version 12.00
# Visual Studio Version 17
VisualStudioVersion = 17.5.33424.131
MinimumVisualStudioVersion = 10.0.40219.1
Project("{FAE04EC0-301F-11D3-BF4B-00C04F79EFBC}") = "vaktija", "vaktija.csproj", "{63AA8F13-F926-456B-972B-846F7C09FFFB}"
EndProject
Global
	GlobalSection(SolutionConfigurationPlatforms) = preSolution
		Debug|Any CPU = Debug|Any CPU
		Release|Any CPU = Release|Any CPU
	EndGlobalSection
	GlobalSection(ProjectConfigurationPlatforms) = postSolution
		{63AA8F13-F926-456B-972B-846F7C09FFFB}.Debug|Any CPU.ActiveCfg = Debug|Any CPU
		{63AA8F13-F926-456B-972B-846F7C09FFFB}.Debug|Any CPU.Build.0 = Debug|Any CPU
		{63AA8F13-F926-456B-972B-846F7C09FFFB}.Release|Any CPU.ActiveCfg = Release|Any CPU
		{63AA8F13-F926-456B-972B-846F7C09FFFB}.Release|Any CPU.Build.0 = Release|Any CPU
	EndGlobalSection
	GlobalSection(SolutionProperties) = preSolution
		HideSolutionNode = FALSE
	EndGlobalSection
	GlobalSection(ExtensibilityGlobals) = postSolution
		SolutionGuid = {BE46541C-9AE7-4D69-BD2B-D53F0D855C5A}
	EndGlobalSection
EndGlobal
